
Microsoft Visual Studio Solution File, Format Version 12.00
# Visual Studio Version 17
VisualStudioVersion = 17.2.32602.215
MinimumVisualStudioVersion = 10.0.40219.1
Project("{FAE04EC0-301F-11D3-BF4B-00C04F79EFBC}") = "AutofacBasic.App", "AutofacBasic\AutofacBasic.App.csproj", "{E8E06394-A230-4F92-B5D6-D33B1AD120CE}"
EndProject
Project("{FAE04EC0-301F-11D3-BF4B-00C04F79EFBC}") = "AutofacBasic.Services", "AutofacBasic.Services\AutofacBasic.Services.csproj", "{63E46F7C-7288-463E-BF7C-02C29B6E5123}"
EndProject
Project("{FAE04EC0-301F-11D3-BF4B-00C04F79EFBC}") = "AutofacBasic.Domain", "AutofacBasic.Domain\AutofacBasic.Domain.csproj", "{6C134A70-6EFB-4A99-9125-B8B7E031DEBE}"
EndProject
Project("{FAE04EC0-301F-11D3-BF4B-00C04F79EFBC}") = "AutofacBasic.Data", "AutofacBasic.Data\AutofacBasic.Data.csproj", "{074FBFD7-9052-49BB-86F1-3B29FD17D9E8}"
EndProject
Project("{2150E333-8FDC-42A3-9474-1A3956D46DE8}") = "Solution Items", "Solution Items", "{DE1FBB7E-2372-4293-BA85-4FDC674D012A}"
	ProjectSection(SolutionItems) = preProject
		.gitignore = .gitignore
	EndProjectSection
EndProject
Global
	GlobalSection(SolutionConfigurationPlatforms) = preSolution
		Debug|Any CPU = Debug|Any CPU
		Release|Any CPU = Release|Any CPU
	EndGlobalSection
	GlobalSection(ProjectConfigurationPlatforms) = postSolution
		{E8E06394-A230-4F92-B5D6-D33B1AD120CE}.Debug|Any CPU.ActiveCfg = Debug|Any CPU
		{E8E06394-A230-4F92-B5D6-D33B1AD120CE}.Debug|Any CPU.Build.0 = Debug|Any CPU
		{E8E06394-A230-4F92-B5D6-D33B1AD120CE}.Release|Any CPU.ActiveCfg = Release|Any CPU
		{E8E06394-A230-4F92-B5D6-D33B1AD120CE}.Release|Any CPU.Build.0 = Release|Any CPU
		{63E46F7C-7288-463E-BF7C-02C29B6E5123}.Debug|Any CPU.ActiveCfg = Debug|Any CPU
		{63E46F7C-7288-463E-BF7C-02C29B6E5123}.Debug|Any CPU.Build.0 = Debug|Any CPU
		{63E46F7C-7288-463E-BF7C-02C29B6E5123}.Release|Any CPU.ActiveCfg = Release|Any CPU
		{63E46F7C-7288-463E-BF7C-02C29B6E5123}.Release|Any CPU.Build.0 = Release|Any CPU
		{6C134A70-6EFB-4A99-9125-B8B7E031DEBE}.Debug|Any CPU.ActiveCfg = Debug|Any CPU
		{6C134A70-6EFB-4A99-9125-B8B7E031DEBE}.Debug|Any CPU.Build.0 = Debug|Any CPU
		{6C134A70-6EFB-4A99-9125-B8B7E031DEBE}.Release|Any CPU.ActiveCfg = Release|Any CPU
		{6C134A70-6EFB-4A99-9125-B8B7E031DEBE}.Release|Any CPU.Build.0 = Release|Any CPU
		{074FBFD7-9052-49BB-86F1-3B29FD17D9E8}.Debug|Any CPU.ActiveCfg = Debug|Any CPU
		{074FBFD7-9052-49BB-86F1-3B29FD17D9E8}.Debug|Any CPU.Build.0 = Debug|Any CPU
		{074FBFD7-9052-49BB-86F1-3B29FD17D9E8}.Release|Any CPU.ActiveCfg = Release|Any CPU
		{074FBFD7-9052-49BB-86F1-3B29FD17D9E8}.Release|Any CPU.Build.0 = Release|Any CPU
	EndGlobalSection
	GlobalSection(SolutionProperties) = preSolution
		HideSolutionNode = FALSE
	EndGlobalSection
	GlobalSection(ExtensibilityGlobals) = postSolution
		SolutionGuid = {CFBDB0DC-0C79-4C3F-BA32-239193993E53}
	EndGlobalSection
EndGlobal
